<?xml version="1.0" encoding="utf-8"?>
<Project ToolsVersion="4.0" xmlns="http://schemas.microsoft.com/developer/msbuild/2003">
  <ItemGroup>
    <Filter Include="Source Files">
      <UniqueIdentifier>{4FC737F1-C7A5-4376-A066-2A32D752A2FF}</UniqueIdentifier>
      <Extensions>cpp;c;cc;cxx;def;odl;idl;hpj;bat;asm;asmx</Extensions>
    </Filter>
    <Filter Include="Header Files">
      <UniqueIdentifier>{93995380-89BD-4b04-88EB-625FBE52EBFB}</UniqueIdentifier>
      <Extensions>h;hh;hpp;hxx;hm;inl;inc;xsd</Extensions>
    </Filter>
    <Filter Include="Resource Files">
      <UniqueIdentifier>{67DA6AB6-F800-4c08-8B7A-83BB121AAD01}</UniqueIdentifier>
      <Extensions>rc;ico;cur;bmp;dlg;rc2;rct;bin;rgs;gif;jpg;jpeg;jpe;resx;tiff;tif;png;wav;mfcribbon-ms</Extensions>
    </Filter>
    <Filter Include="Header Files\Graph">
      <UniqueIdentifier>{c0d52864-b2a9-49e8-9e3b-aca3f0d41103}</UniqueIdentifier>
    </Filter>
    <Filter Include="Header Files\LinkedList">
      <UniqueIdentifier>{4390a1ce-87c2-4e98-854b-a3f7c71ddf16}</UniqueIdentifier>
    </Filter>
    <Filter Include="Header Files\Array">
      <UniqueIdentifier>{e712b0de-ab4b-47e7-83a9-923f253fadce}</UniqueIdentifier>
    </Filter>
    <Filter Include="Header Files\Bits">
      <UniqueIdentifier>{c639e7f9-1a40-494e-99d0-dc7ce7b09f61}</UniqueIdentifier>
    </Filter>
    <Filter Include="Header Files\Design">
      <UniqueIdentifier>{db028d9f-8efa-48e0-b265-16f46494576e}</UniqueIdentifier>
    </Filter>
    <Filter Include="Header Files\Matrix">
      <UniqueIdentifier>{5ffa87f0-d64d-4df1-be14-eab6ff283662}</UniqueIdentifier>
    </Filter>
    <Filter Include="Header Files\Set">
      <UniqueIdentifier>{781f9a63-83ad-42a4-a1fb-6007fe0fdb9c}</UniqueIdentifier>
    </Filter>
    <Filter Include="Header Files\Sort">
      <UniqueIdentifier>{9a652d8f-7a91-4cf5-8f3b-03cbb6013800}</UniqueIdentifier>
    </Filter>
    <Filter Include="Header Files\Stack">
      <UniqueIdentifier>{f0945a29-8def-4a08-8f2b-38caa1df5289}</UniqueIdentifier>
    </Filter>
    <Filter Include="Header Files\Tree">
      <UniqueIdentifier>{fe3bb56a-c0d8-4db0-bf61-7f15594efc9e}</UniqueIdentifier>
    </Filter>
    <Filter Include="Header Files\Threading">
      <UniqueIdentifier>{e07623c1-0b00-485d-9b74-7a1a476a5195}</UniqueIdentifier>
    </Filter>
    <Filter Include="Header Files\Trie">
      <UniqueIdentifier>{ac4ea37e-1242-43c6-9333-39eba5395083}</UniqueIdentifier>
    </Filter>
    <Filter Include="Header Files\Median">
      <UniqueIdentifier>{2d75d386-e935-4296-8797-3db28d6bf14b}</UniqueIdentifier>
    </Filter>
    <Filter Include="Header Files\Heap">
      <UniqueIdentifier>{6e916e09-5d3e-419a-a2f5-bf7ed060fea3}</UniqueIdentifier>
    </Filter>
    <Filter Include="Header Files\Pointer">
      <UniqueIdentifier>{53a55960-b2a7-4b11-9084-5a537ed498c4}</UniqueIdentifier>
    </Filter>
    <Filter Include="Header Files\BinSearch">
      <UniqueIdentifier>{399d441e-e21e-4f66-91c6-bcf29aeb3fb7}</UniqueIdentifier>
    </Filter>
    <Filter Include="Header Files\Rotate">
      <UniqueIdentifier>{e7024781-2509-48d2-9e10-4c43fbb343fd}</UniqueIdentifier>
    </Filter>
    <Filter Include="Header Files\KthOrderStats">
      <UniqueIdentifier>{dae5edd0-9e46-4b28-9020-0635dca829d7}</UniqueIdentifier>
    </Filter>
  </ItemGroup>
  <ItemGroup>
    <Text Include="ReadMe.txt" />
  </ItemGroup>
  <ItemGroup>
    <ClInclude Include="stdafx.h">
      <Filter>Header Files</Filter>
    </ClInclude>
    <ClInclude Include="targetver.h">
      <Filter>Header Files</Filter>
    </ClInclude>
    <ClInclude Include="Graphbuild.h">
      <Filter>Header Files\Graph</Filter>
    </ClInclude>
    <ClInclude Include="GraphSearch.h">
      <Filter>Header Files\Graph</Filter>
    </ClInclude>
    <ClInclude Include="AreStringRotated.h">
      <Filter>Header Files\Array</Filter>
    </ClInclude>
    <ClInclude Include="ArrayHasConsqNumbers.h">
      <Filter>Header Files\Array</Filter>
    </ClInclude>
    <ClInclude Include="BinarySearchForLoop.h">
      <Filter>Header Files\Set</Filter>
    </ClInclude>
    <ClInclude Include="Permutation.h">
      <Filter>Header Files\Set</Filter>
    </ClInclude>
    <ClInclude Include="PermutationKOfN.h">
      <Filter>Header Files\Set</Filter>
    </ClInclude>
    <ClInclude Include="PermutationWithDuplicatesALDO.h">
      <Filter>Header Files\Set</Filter>
    </ClInclude>
    <ClInclude Include="PowerSet.h">
      <Filter>Header Files\Set</Filter>
    </ClInclude>
    <ClInclude Include="RemoveComma.h">
      <Filter>Header Files\Array</Filter>
    </ClInclude>
    <ClInclude Include="MatrixRotatePrint.h">
      <Filter>Header Files\Matrix</Filter>
    </ClInclude>
    <ClInclude Include="EditablePriorityQueue.h">
      <Filter>Header Files\Design</Filter>
    </ClInclude>
    <ClInclude Include="MovieRatingGraph.h">
      <Filter>Header Files\Graph</Filter>
    </ClInclude>
    <ClInclude Include="ReverseDoublyLinkedList.h">
      <Filter>Header Files\LinkedList</Filter>
    </ClInclude>
    <ClInclude Include="ReverseLL.h">
      <Filter>Header Files\LinkedList</Filter>
    </ClInclude>
    <ClInclude Include="Combinations.h">
      <Filter>Header Files\Set</Filter>
    </ClInclude>
    <ClInclude Include="CombinationWithoutDupesBitGen.h">
      <Filter>Header Files\Set</Filter>
    </ClInclude>
    <ClInclude Include="BoyerMooreVoting.h">
      <Filter>Header Files\Design</Filter>
    </ClInclude>
    <ClInclude Include="FindTopTenPercent.h">
      <Filter>Header Files\Design</Filter>
    </ClInclude>
    <ClInclude Include="PrintTopAndBottomFacingNodes.h">
      <Filter>Header Files\Tree</Filter>
    </ClInclude>
    <ClInclude Include="ProdConsumer.h">
      <Filter>Header Files\Design</Filter>
    </ClInclude>
    <ClInclude Include="SingleTonOne.h">
      <Filter>Header Files\Design</Filter>
    </ClInclude>
    <ClInclude Include="MemoryMngrBuddy.h">
      <Filter>Header Files\Design</Filter>
    </ClInclude>
    <ClInclude Include="Stack1.h">
      <Filter>Header Files\Stack</Filter>
    </ClInclude>
    <ClInclude Include="SwapAlternativeKthNode.h">
      <Filter>Header Files\LinkedList</Filter>
    </ClInclude>
    <ClInclude Include="InvertedIndex.h">
      <Filter>Header Files\Trie</Filter>
    </ClInclude>
    <ClInclude Include="Library.h">
      <Filter>Header Files\Design</Filter>
    </ClInclude>
    <ClInclude Include="LCSstring.h">
      <Filter>Header Files\Array</Filter>
    </ClInclude>
    <ClInclude Include="Median.h">
      <Filter>Header Files\Median</Filter>
    </ClInclude>
    <ClInclude Include="print123withPlus.h">
      <Filter>Header Files\Array</Filter>
    </ClInclude>
    <ClInclude Include="SyncQx.h">
      <Filter>Header Files\Design</Filter>
    </ClInclude>
    <ClInclude Include="ValueOfMidNode.h">
      <Filter>Header Files\LinkedList</Filter>
    </ClInclude>
    <ClInclude Include="AddAlternateNumbersDP.h">
      <Filter>Header Files\Array</Filter>
    </ClInclude>
    <ClInclude Include="PalidroneUsingRecursion.h">
      <Filter>Header Files\LinkedList</Filter>
    </ClInclude>
    <ClInclude Include="RecursiveAdditionExceptCurrentItem.h">
      <Filter>Header Files\Array</Filter>
    </ClInclude>
    <ClInclude Include="LongestCommonPalidrone.h">
      <Filter>Header Files\Array</Filter>
    </ClInclude>
    <ClInclude Include="ColoringHomeUsingCombination.h">
      <Filter>Header Files\Array</Filter>
    </ClInclude>
    <ClInclude Include="ColorHomeWithMinimumCostUsingDP.h">
      <Filter>Header Files\Array</Filter>
    </ClInclude>
    <ClInclude Include="CheckNumberIsHigherThanKth.h">
      <Filter>Header Files\Heap</Filter>
    </ClInclude>
    <ClInclude Include="MaxSumOfNonConseqNumbers.h">
      <Filter>Header Files</Filter>
    </ClInclude>
    <ClInclude Include="MemoryAllocX.h">
      <Filter>Header Files\Pointer</Filter>
    </ClInclude>
    <ClInclude Include="AddressChange.h">
      <Filter>Header Files\Pointer</Filter>
    </ClInclude>
    <ClInclude Include="BSTToDoublyLinkedLL.h">
      <Filter>Header Files\Tree</Filter>
    </ClInclude>
    <ClInclude Include="3SUMProblem.h">
      <Filter>Header Files\Array</Filter>
    </ClInclude>
    <ClInclude Include="SubsetProblemKnapSack.h">
      <Filter>Header Files\Array</Filter>
    </ClInclude>
    <ClInclude Include="BuildLL.h">
      <Filter>Header Files\LinkedList</Filter>
    </ClInclude>
    <ClInclude Include="BuildDbLL.h">
      <Filter>Header Files\LinkedList</Filter>
    </ClInclude>
    <ClInclude Include="BuildTree.h">
      <Filter>Header Files\Tree</Filter>
    </ClInclude>
    <ClInclude Include="CuttingRodUsingDP.h">
      <Filter>Header Files\Array</Filter>
    </ClInclude>
    <ClInclude Include="CuttingRodUsingRecursion.h">
      <Filter>Header Files</Filter>
    </ClInclude>
    <ClInclude Include="KnapsackUsingDP.h">
      <Filter>Header Files\Array</Filter>
    </ClInclude>
    <ClInclude Include="REcursions.h">
      <Filter>Header Files\Array</Filter>
    </ClInclude>
    <ClInclude Include="WaysOfMakingN.h">
      <Filter>Header Files\Array</Filter>
    </ClInclude>
    <ClInclude Include="PlaceLettersApart.h">
      <Filter>Header Files\Array</Filter>
    </ClInclude>
    <ClInclude Include="FindSmallestWindowOfSubstring.h">
      <Filter>Header Files\Array</Filter>
    </ClInclude>
    <ClInclude Include="PatternMatchUsingOccurCount.h">
      <Filter>Header Files\Array</Filter>
    </ClInclude>
    <ClInclude Include="SquareRootUsingTable.h">
      <Filter>Header Files\Array</Filter>
    </ClInclude>
    <ClInclude Include="BinSearchBase.h">
      <Filter>Header Files\BinSearch</Filter>
    </ClInclude>
    <ClInclude Include="BinarySearchSizeUnknown.h">
      <Filter>Header Files\BinSearch</Filter>
    </ClInclude>
    <ClInclude Include="IndexOfItemLargerThanK.h">
      <Filter>Header Files\BinSearch</Filter>
    </ClInclude>
    <ClInclude Include="TwoColorSorting.h">
      <Filter>Header Files\Sort</Filter>
    </ClInclude>
    <ClInclude Include="ThreeColorSorting.h">
      <Filter>Header Files\Sort</Filter>
    </ClInclude>
    <ClInclude Include="TwoColorSortEvenOdd.h">
      <Filter>Header Files\Sort</Filter>
    </ClInclude>
    <ClInclude Include="RotateArray.h">
      <Filter>Header Files\Rotate</Filter>
    </ClInclude>
    <ClInclude Include="RotateArrayUsingReverse.h">
      <Filter>Header Files\Rotate</Filter>
    </ClInclude>
    <ClInclude Include="KthOrderStatsBase.h">
      <Filter>Header Files\KthOrderStats</Filter>
    </ClInclude>
    <ClInclude Include="KthItemUnsortedArray.h">
      <Filter>Header Files\KthOrderStats</Filter>
    </ClInclude>
    <ClInclude Include="KthLargestItemUsingMergeSort.h">
      <Filter>Header Files\KthOrderStats</Filter>
    </ClInclude>
    <ClInclude Include="HeapBase.h">
      <Filter>Header Files\Heap</Filter>
    </ClInclude>
    <ClInclude Include="MedianUnsortedUsingKthOrder.h">
      <Filter>Header Files\KthOrderStats</Filter>
    </ClInclude>
    <ClInclude Include="MedianOfBST.h">
      <Filter>Header Files\KthOrderStats</Filter>
    </ClInclude>
    <ClInclude Include="MedianOfTwoSortedArrays.h">
      <Filter>Header Files\KthOrderStats</Filter>
    </ClInclude>
    <ClInclude Include="RealTimeMedian.h">
      <Filter>Header Files\KthOrderStats</Filter>
    </ClInclude>
    <ClInclude Include="MergeSorting.h">
      <Filter>Header Files\Sort</Filter>
    </ClInclude>
    <ClInclude Include="InsertionSort.h">
      <Filter>Header Files\Sort</Filter>
    </ClInclude>
    <ClInclude Include="CountingSort.h">
      <Filter>Header Files\Sort</Filter>
    </ClInclude>
    <ClInclude Include="QuickSort.h">
      <Filter>Header Files\Sort</Filter>
    </ClInclude>
    <ClInclude Include="PartitionArray.h">
      <Filter>Header Files\Array</Filter>
    </ClInclude>
    <ClInclude Include="MergeSortAndStoreInSameArray.h">
      <Filter>Header Files\Sort</Filter>
    </ClInclude>
  </ItemGroup>
  <ItemGroup>
    <ClCompile Include="stdafx.cpp">
      <Filter>Source Files</Filter>
    </ClCompile>
    <ClCompile Include="algCpp.cpp">
      <Filter>Source Files</Filter>
    </ClCompile>
  </ItemGroup>
</Project>